// !$*UTF8*$!
{
	archiveVersion = 1;
	classes = {
	};
	objectVersion = 46;
	objects = {

/* Begin PBXBuildFile section */
		4F14DF6C1F2CE1A100B2997A /* OperationGetQuestion.swift in Sources */ = {isa = PBXBuildFile; fileRef = 4F14DF6B1F2CE1A100B2997A /* OperationGetQuestion.swift */; };
		4F14DF6E1F2CF17100B2997A /* OperationShare.swift in Sources */ = {isa = PBXBuildFile; fileRef = 4F14DF6D1F2CF17100B2997A /* OperationShare.swift */; };
		4F14DF701F2CF40900B2997A /* StatusModel.swift in Sources */ = {isa = PBXBuildFile; fileRef = 4F14DF6F1F2CF40900B2997A /* StatusModel.swift */; };
		4F14DF731F2CF5F100B2997A /* OperationGetHealthStatus.swift in Sources */ = {isa = PBXBuildFile; fileRef = 4F14DF721F2CF5F100B2997A /* OperationGetHealthStatus.swift */; };
		4F14DF761F2CFA9000B2997A /* LoadingScreenViewController.swift in Sources */ = {isa = PBXBuildFile; fileRef = 4F14DF751F2CFA9000B2997A /* LoadingScreenViewController.swift */; };
		4F4FB59D1F2E4BE400A11F3C /* NoConnectivityWidget.swift in Sources */ = {isa = PBXBuildFile; fileRef = 4F4FB59B1F2E4BE400A11F3C /* NoConnectivityWidget.swift */; };
		4F4FB59E1F2E4BE400A11F3C /* NoConnectivityWidget.xib in Resources */ = {isa = PBXBuildFile; fileRef = 4F4FB59C1F2E4BE400A11F3C /* NoConnectivityWidget.xib */; };
		4F7080EB1F2CFCF100BE8C6A /* Localizable.strings in Resources */ = {isa = PBXBuildFile; fileRef = 4F7080ED1F2CFCF100BE8C6A /* Localizable.strings */; };
		4F7080F21F2CFD8B00BE8C6A /* LaunchScreen.storyboard in Resources */ = {isa = PBXBuildFile; fileRef = 4F7080F01F2CFD8B00BE8C6A /* LaunchScreen.storyboard */; };
		4F7080F31F2CFD8B00BE8C6A /* Main.storyboard in Resources */ = {isa = PBXBuildFile; fileRef = 4F7080F11F2CFD8B00BE8C6A /* Main.storyboard */; };
		4F7080F61F2CFE0500BE8C6A /* GlobalFunctions.swift in Sources */ = {isa = PBXBuildFile; fileRef = 4F7080F51F2CFE0500BE8C6A /* GlobalFunctions.swift */; };
		4F7080F81F2D024000BE8C6A /* QuestionListViewController.swift in Sources */ = {isa = PBXBuildFile; fileRef = 4F7080F71F2D024000BE8C6A /* QuestionListViewController.swift */; };
		4F83233A1F2D10BB00095BB6 /* ActivityCell.swift in Sources */ = {isa = PBXBuildFile; fileRef = 4F8323391F2D10BB00095BB6 /* ActivityCell.swift */; };
		4F83233C1F2D1FCB00095BB6 /* QuestionDetailsViewController.swift in Sources */ = {isa = PBXBuildFile; fileRef = 4F83233B1F2D1FCB00095BB6 /* QuestionDetailsViewController.swift */; };
		4F83233E1F2DA90200095BB6 /* ImageCell.swift in Sources */ = {isa = PBXBuildFile; fileRef = 4F83233D1F2DA90200095BB6 /* ImageCell.swift */; };
		4F8323411F2DAA3600095BB6 /* UIImageViewExtension.swift in Sources */ = {isa = PBXBuildFile; fileRef = 4F8323401F2DAA3600095BB6 /* UIImageViewExtension.swift */; };
		4F8323431F2DAD8100095BB6 /* DateCell.swift in Sources */ = {isa = PBXBuildFile; fileRef = 4F8323421F2DAD8100095BB6 /* DateCell.swift */; };
		4F8323451F2DAF0600095BB6 /* ChoiceCell.swift in Sources */ = {isa = PBXBuildFile; fileRef = 4F8323441F2DAF0600095BB6 /* ChoiceCell.swift */; };
		4F8323471F2DBB0F00095BB6 /* ShareViewController.swift in Sources */ = {isa = PBXBuildFile; fileRef = 4F8323461F2DBB0F00095BB6 /* ShareViewController.swift */; };
		4F83234B1F2DBD0400095BB6 /* TextCell.swift in Sources */ = {isa = PBXBuildFile; fileRef = 4F83234A1F2DBD0400095BB6 /* TextCell.swift */; };
		4F83234D1F2DF51400095BB6 /* OperationUpdateQuestion.swift in Sources */ = {isa = PBXBuildFile; fileRef = 4F83234C1F2DF51400095BB6 /* OperationUpdateQuestion.swift */; };
		4F8E531D1F2E365600C4D830 /* DynamicModal.swift in Sources */ = {isa = PBXBuildFile; fileRef = 4F8E531C1F2E365600C4D830 /* DynamicModal.swift */; };
		4F8E53231F2E375500C4D830 /* RetryWidget.xib in Resources */ = {isa = PBXBuildFile; fileRef = 4F8E53221F2E375500C4D830 /* RetryWidget.xib */; };
		4F8E53251F2E376500C4D830 /* RetryWidget.swift in Sources */ = {isa = PBXBuildFile; fileRef = 4F8E53241F2E376500C4D830 /* RetryWidget.swift */; };
		4FAD35C91F2C9BCE003761FB /* APIRequestModel.swift in Sources */ = {isa = PBXBuildFile; fileRef = 4FAD35C81F2C9BCE003761FB /* APIRequestModel.swift */; };
		4FAD35CF1F2C9C0B003761FB /* Global.swift in Sources */ = {isa = PBXBuildFile; fileRef = 4FAD35CE1F2C9C0B003761FB /* Global.swift */; };
		4FAD35D11F2C9C31003761FB /* APIOperation.swift in Sources */ = {isa = PBXBuildFile; fileRef = 4FAD35D01F2C9C31003761FB /* APIOperation.swift */; };
		4FD287921F2CA2E600E62B0E /* OperationListQuestions.swift in Sources */ = {isa = PBXBuildFile; fileRef = 4FD287911F2CA2E600E62B0E /* OperationListQuestions.swift */; };
		4FD287961F2CA98F00E62B0E /* QuestionModel.swift in Sources */ = {isa = PBXBuildFile; fileRef = 4FD287951F2CA98F00E62B0E /* QuestionModel.swift */; };
		4FFA934D1F2B4AD900B77843 /* AppDelegate.swift in Sources */ = {isa = PBXBuildFile; fileRef = 4FFA934C1F2B4AD900B77843 /* AppDelegate.swift */; };
		4FFA93541F2B4AD900B77843 /* Assets.xcassets in Resources */ = {isa = PBXBuildFile; fileRef = 4FFA93531F2B4AD900B77843 /* Assets.xcassets */; };
		B598305CC9865039A3AF3264 /* Pods_BRA.framework in Frameworks */ = {isa = PBXBuildFile; fileRef = 0F5E09070735399FBBD0F2C8 /* Pods_BRA.framework */; };
/* End PBXBuildFile section */

/* Begin PBXFileReference section */
		0F5E09070735399FBBD0F2C8 /* Pods_BRA.framework */ = {isa = PBXFileReference; explicitFileType = wrapper.framework; includeInIndex = 0; path = Pods_BRA.framework; sourceTree = BUILT_PRODUCTS_DIR; };
		2F85E9270544671566CF9192 /* Pods-BRA.debug.xcconfig */ = {isa = PBXFileReference; includeInIndex = 1; lastKnownFileType = text.xcconfig; name = "Pods-BRA.debug.xcconfig"; path = "Pods/Target Support Files/Pods-BRA/Pods-BRA.debug.xcconfig"; sourceTree = "<group>"; };
		4F14DF6B1F2CE1A100B2997A /* OperationGetQuestion.swift */ = {isa = PBXFileReference; fileEncoding = 4; lastKnownFileType = sourcecode.swift; name = OperationGetQuestion.swift; path = classes/API/OperationGetQuestion.swift; sourceTree = "<group>"; };
		4F14DF6D1F2CF17100B2997A /* OperationShare.swift */ = {isa = PBXFileReference; fileEncoding = 4; lastKnownFileType = sourcecode.swift; name = OperationShare.swift; path = classes/API/OperationShare.swift; sourceTree = "<group>"; };
		4F14DF6F1F2CF40900B2997A /* StatusModel.swift */ = {isa = PBXFileReference; fileEncoding = 4; lastKnownFileType = sourcecode.swift; name = StatusModel.swift; path = classes/API/StatusModel.swift; sourceTree = "<group>"; };
		4F14DF721F2CF5F100B2997A /* OperationGetHealthStatus.swift */ = {isa = PBXFileReference; fileEncoding = 4; lastKnownFileType = sourcecode.swift; name = OperationGetHealthStatus.swift; path = classes/API/OperationGetHealthStatus.swift; sourceTree = "<group>"; };
		4F14DF751F2CFA9000B2997A /* LoadingScreenViewController.swift */ = {isa = PBXFileReference; fileEncoding = 4; lastKnownFileType = sourcecode.swift; name = LoadingScreenViewController.swift; path = classes/ViewControllers/LoadingScreenViewController.swift; sourceTree = "<group>"; };
		4F4FB59B1F2E4BE400A11F3C /* NoConnectivityWidget.swift */ = {isa = PBXFileReference; fileEncoding = 4; lastKnownFileType = sourcecode.swift; name = NoConnectivityWidget.swift; path = classes/CustomComponents/NoConnectivityWidget.swift; sourceTree = "<group>"; };
		4F4FB59C1F2E4BE400A11F3C /* NoConnectivityWidget.xib */ = {isa = PBXFileReference; fileEncoding = 4; lastKnownFileType = file.xib; name = NoConnectivityWidget.xib; path = classes/CustomComponents/NoConnectivityWidget.xib; sourceTree = "<group>"; };
		4F7080EF1F2CFCFF00BE8C6A /* en */ = {isa = PBXFileReference; lastKnownFileType = text.plist.strings; name = en; path = en.lproj/Localizable.strings; sourceTree = "<group>"; };
		4F7080F01F2CFD8B00BE8C6A /* LaunchScreen.storyboard */ = {isa = PBXFileReference; fileEncoding = 4; lastKnownFileType = file.storyboard; path = LaunchScreen.storyboard; sourceTree = "<group>"; };
		4F7080F11F2CFD8B00BE8C6A /* Main.storyboard */ = {isa = PBXFileReference; fileEncoding = 4; lastKnownFileType = file.storyboard; path = Main.storyboard; sourceTree = "<group>"; };
		4F7080F51F2CFE0500BE8C6A /* GlobalFunctions.swift */ = {isa = PBXFileReference; fileEncoding = 4; lastKnownFileType = sourcecode.swift; name = GlobalFunctions.swift; path = "classes/Helpers+Managers/GlobalFunctions.swift"; sourceTree = "<group>"; };
		4F7080F71F2D024000BE8C6A /* QuestionListViewController.swift */ = {isa = PBXFileReference; fileEncoding = 4; lastKnownFileType = sourcecode.swift; name = QuestionListViewController.swift; path = classes/ViewControllers/QuestionListViewController.swift; sourceTree = "<group>"; };
		4F8323391F2D10BB00095BB6 /* ActivityCell.swift */ = {isa = PBXFileReference; fileEncoding = 4; lastKnownFileType = sourcecode.swift; name = ActivityCell.swift; path = classes/CustomComponents/ActivityCell.swift; sourceTree = "<group>"; };
		4F83233B1F2D1FCB00095BB6 /* QuestionDetailsViewController.swift */ = {isa = PBXFileReference; fileEncoding = 4; lastKnownFileType = sourcecode.swift; name = QuestionDetailsViewController.swift; path = classes/ViewControllers/QuestionDetailsViewController.swift; sourceTree = "<group>"; };
		4F83233D1F2DA90200095BB6 /* ImageCell.swift */ = {isa = PBXFileReference; fileEncoding = 4; lastKnownFileType = sourcecode.swift; name = ImageCell.swift; path = classes/CustomComponents/ImageCell.swift; sourceTree = "<group>"; };
		4F8323401F2DAA3600095BB6 /* UIImageViewExtension.swift */ = {isa = PBXFileReference; fileEncoding = 4; lastKnownFileType = sourcecode.swift; name = UIImageViewExtension.swift; path = classes/Extensions/UIImageViewExtension.swift; sourceTree = "<group>"; };
		4F8323421F2DAD8100095BB6 /* DateCell.swift */ = {isa = PBXFileReference; fileEncoding = 4; lastKnownFileType = sourcecode.swift; name = DateCell.swift; path = classes/CustomComponents/DateCell.swift; sourceTree = "<group>"; };
		4F8323441F2DAF0600095BB6 /* ChoiceCell.swift */ = {isa = PBXFileReference; fileEncoding = 4; lastKnownFileType = sourcecode.swift; name = ChoiceCell.swift; path = classes/CustomComponents/ChoiceCell.swift; sourceTree = "<group>"; };
		4F8323461F2DBB0F00095BB6 /* ShareViewController.swift */ = {isa = PBXFileReference; fileEncoding = 4; lastKnownFileType = sourcecode.swift; name = ShareViewController.swift; path = classes/ViewControllers/ShareViewController.swift; sourceTree = "<group>"; };
		4F83234A1F2DBD0400095BB6 /* TextCell.swift */ = {isa = PBXFileReference; fileEncoding = 4; lastKnownFileType = sourcecode.swift; name = TextCell.swift; path = classes/CustomComponents/TextCell.swift; sourceTree = "<group>"; };
		4F83234C1F2DF51400095BB6 /* OperationUpdateQuestion.swift */ = {isa = PBXFileReference; fileEncoding = 4; lastKnownFileType = sourcecode.swift; name = OperationUpdateQuestion.swift; path = classes/API/OperationUpdateQuestion.swift; sourceTree = "<group>"; };
		4F8E531C1F2E365600C4D830 /* DynamicModal.swift */ = {isa = PBXFileReference; fileEncoding = 4; lastKnownFileType = sourcecode.swift; name = DynamicModal.swift; path = classes/CustomComponents/DynamicModal.swift; sourceTree = "<group>"; };
		4F8E53221F2E375500C4D830 /* RetryWidget.xib */ = {isa = PBXFileReference; fileEncoding = 4; lastKnownFileType = file.xib; name = RetryWidget.xib; path = classes/CustomComponents/RetryWidget.xib; sourceTree = "<group>"; };
		4F8E53241F2E376500C4D830 /* RetryWidget.swift */ = {isa = PBXFileReference; fileEncoding = 4; lastKnownFileType = sourcecode.swift; name = RetryWidget.swift; path = classes/CustomComponents/RetryWidget.swift; sourceTree = "<group>"; };
		4FAD35C81F2C9BCE003761FB /* APIRequestModel.swift */ = {isa = PBXFileReference; fileEncoding = 4; lastKnownFileType = sourcecode.swift; name = APIRequestModel.swift; path = classes/api/APIRequestModel.swift; sourceTree = "<group>"; };
		4FAD35CE1F2C9C0B003761FB /* Global.swift */ = {isa = PBXFileReference; fileEncoding = 4; lastKnownFileType = sourcecode.swift; name = Global.swift; path = "classes/Helpers+Managers/Global.swift"; sourceTree = "<group>"; };
		4FAD35D01F2C9C31003761FB /* APIOperation.swift */ = {isa = PBXFileReference; fileEncoding = 4; lastKnownFileType = sourcecode.swift; name = APIOperation.swift; path = classes/API/APIOperation.swift; sourceTree = "<group>"; };
		4FD287911F2CA2E600E62B0E /* OperationListQuestions.swift */ = {isa = PBXFileReference; fileEncoding = 4; lastKnownFileType = sourcecode.swift; name = OperationListQuestions.swift; path = classes/API/OperationListQuestions.swift; sourceTree = "<group>"; };
		4FD287951F2CA98F00E62B0E /* QuestionModel.swift */ = {isa = PBXFileReference; fileEncoding = 4; lastKnownFileType = sourcecode.swift; name = QuestionModel.swift; path = classes/API/QuestionModel.swift; sourceTree = "<group>"; };
		4FFA93491F2B4AD900B77843 /* BRA.app */ = {isa = PBXFileReference; explicitFileType = wrapper.application; includeInIndex = 0; path = BRA.app; sourceTree = BUILT_PRODUCTS_DIR; };
		4FFA934C1F2B4AD900B77843 /* AppDelegate.swift */ = {isa = PBXFileReference; lastKnownFileType = sourcecode.swift; path = AppDelegate.swift; sourceTree = "<group>"; };
		4FFA93531F2B4AD900B77843 /* Assets.xcassets */ = {isa = PBXFileReference; lastKnownFileType = folder.assetcatalog; path = Assets.xcassets; sourceTree = "<group>"; };
		4FFA93581F2B4AD900B77843 /* Info.plist */ = {isa = PBXFileReference; lastKnownFileType = text.plist.xml; path = Info.plist; sourceTree = "<group>"; };
		FF9AE90FE694E93C801F6EED /* Pods-BRA.release.xcconfig */ = {isa = PBXFileReference; includeInIndex = 1; lastKnownFileType = text.xcconfig; name = "Pods-BRA.release.xcconfig"; path = "Pods/Target Support Files/Pods-BRA/Pods-BRA.release.xcconfig"; sourceTree = "<group>"; };
/* End PBXFileReference section */

/* Begin PBXFrameworksBuildPhase section */
		4FFA93461F2B4AD900B77843 /* Frameworks */ = {
			isa = PBXFrameworksBuildPhase;
			buildActionMask = 2147483647;
			files = (
				B598305CC9865039A3AF3264 /* Pods_BRA.framework in Frameworks */,
			);
			runOnlyForDeploymentPostprocessing = 0;
		};
/* End PBXFrameworksBuildPhase section */

/* Begin PBXGroup section */
		0422C2F0F503FAE27BB12CCE /* Frameworks */ = {
			isa = PBXGroup;
			children = (
				0F5E09070735399FBBD0F2C8 /* Pods_BRA.framework */,
			);
			name = Frameworks;
			sourceTree = "<group>";
		};
		4F14DF711F2CF5CD00B2997A /* Models */ = {
			isa = PBXGroup;
			children = (
				4FD287951F2CA98F00E62B0E /* QuestionModel.swift */,
				4F14DF6F1F2CF40900B2997A /* StatusModel.swift */,
			);
			name = Models;
			sourceTree = "<group>";
		};
		4F14DF741F2CFA4B00B2997A /* ViewControllers */ = {
			isa = PBXGroup;
			children = (
				4F14DF751F2CFA9000B2997A /* LoadingScreenViewController.swift */,
				4F7080F71F2D024000BE8C6A /* QuestionListViewController.swift */,
				4F83233B1F2D1FCB00095BB6 /* QuestionDetailsViewController.swift */,
				4F8323461F2DBB0F00095BB6 /* ShareViewController.swift */,
			);
			name = ViewControllers;
			sourceTree = "<group>";
		};
		4F8323381F2D102D00095BB6 /* CustomComponents */ = {
			isa = PBXGroup;
			children = (
				4F8E531C1F2E365600C4D830 /* DynamicModal.swift */,
				4F8E53221F2E375500C4D830 /* RetryWidget.xib */,
				4F8E53241F2E376500C4D830 /* RetryWidget.swift */,
				4F4FB59B1F2E4BE400A11F3C /* NoConnectivityWidget.swift */,
				4F4FB59C1F2E4BE400A11F3C /* NoConnectivityWidget.xib */,
				4F8323391F2D10BB00095BB6 /* ActivityCell.swift */,
				4F83233D1F2DA90200095BB6 /* ImageCell.swift */,
				4F8323421F2DAD8100095BB6 /* DateCell.swift */,
				4F8323441F2DAF0600095BB6 /* ChoiceCell.swift */,
				4F83234A1F2DBD0400095BB6 /* TextCell.swift */,
			);
			name = CustomComponents;
			sourceTree = "<group>";
		};
		4F83233F1F2DAA1F00095BB6 /* Extensions */ = {
			isa = PBXGroup;
			children = (
				4F8323401F2DAA3600095BB6 /* UIImageViewExtension.swift */,
			);
			name = Extensions;
			sourceTree = "<group>";
		};
		4FAD35C71F2C9B99003761FB /* API */ = {
			isa = PBXGroup;
			children = (
				4FD287981F2CAD0D00E62B0E /* Generic */,
				4F14DF711F2CF5CD00B2997A /* Models */,
				4FD287971F2CAC9400E62B0E /* Operations */,
				4FAD35D21F2C9DDE003761FB /* Response */,
			);
			name = API;
			sourceTree = "<group>";
		};
		4FAD35CA1F2C9BDF003761FB /* Helpers+Managers */ = {
			isa = PBXGroup;
			children = (
				4FAD35CE1F2C9C0B003761FB /* Global.swift */,
				4F7080F51F2CFE0500BE8C6A /* GlobalFunctions.swift */,
			);
			name = "Helpers+Managers";
			sourceTree = "<group>";
		};
		4FAD35D21F2C9DDE003761FB /* Response */ = {
			isa = PBXGroup;
			children = (
			);
			name = Response;
			sourceTree = "<group>";
		};
		4FD287971F2CAC9400E62B0E /* Operations */ = {
			isa = PBXGroup;
			children = (
				4FD287911F2CA2E600E62B0E /* OperationListQuestions.swift */,
				4F14DF6B1F2CE1A100B2997A /* OperationGetQuestion.swift */,
				4F83234C1F2DF51400095BB6 /* OperationUpdateQuestion.swift */,
				4F14DF6D1F2CF17100B2997A /* OperationShare.swift */,
				4F14DF721F2CF5F100B2997A /* OperationGetHealthStatus.swift */,
			);
			name = Operations;
			sourceTree = "<group>";
		};
		4FD287981F2CAD0D00E62B0E /* Generic */ = {
			isa = PBXGroup;
			children = (
				4FAD35D01F2C9C31003761FB /* APIOperation.swift */,
				4FAD35C81F2C9BCE003761FB /* APIRequestModel.swift */,
			);
			name = Generic;
			sourceTree = "<group>";
		};
		4FFA93401F2B4AD900B77843 = {
			isa = PBXGroup;
			children = (
				4FFA934B1F2B4AD900B77843 /* BRA */,
				4FFA934A1F2B4AD900B77843 /* Products */,
				B48E00EC1398479671FDC922 /* Pods */,
				0422C2F0F503FAE27BB12CCE /* Frameworks */,
			);
			sourceTree = "<group>";
		};
		4FFA934A1F2B4AD900B77843 /* Products */ = {
			isa = PBXGroup;
			children = (
				4FFA93491F2B4AD900B77843 /* BRA.app */,
			);
			name = Products;
			sourceTree = "<group>";
		};
		4FFA934B1F2B4AD900B77843 /* BRA */ = {
			isa = PBXGroup;
			children = (
				4F7080ED1F2CFCF100BE8C6A /* Localizable.strings */,
				4FFA934C1F2B4AD900B77843 /* AppDelegate.swift */,
				4F7080F01F2CFD8B00BE8C6A /* LaunchScreen.storyboard */,
				4F7080F11F2CFD8B00BE8C6A /* Main.storyboard */,
				4F83233F1F2DAA1F00095BB6 /* Extensions */,
				4F8323381F2D102D00095BB6 /* CustomComponents */,
				4FAD35C71F2C9B99003761FB /* API */,
				4FAD35CA1F2C9BDF003761FB /* Helpers+Managers */,
				4F14DF741F2CFA4B00B2997A /* ViewControllers */,
				4FFA93531F2B4AD900B77843 /* Assets.xcassets */,
				4FFA93581F2B4AD900B77843 /* Info.plist */,
			);
			path = BRA;
			sourceTree = "<group>";
		};
		B48E00EC1398479671FDC922 /* Pods */ = {
			isa = PBXGroup;
			children = (
				2F85E9270544671566CF9192 /* Pods-BRA.debug.xcconfig */,
				FF9AE90FE694E93C801F6EED /* Pods-BRA.release.xcconfig */,
			);
			name = Pods;
			sourceTree = "<group>";
		};
/* End PBXGroup section */

/* Begin PBXNativeTarget section */
		4FFA93481F2B4AD900B77843 /* BRA */ = {
			isa = PBXNativeTarget;
			buildConfigurationList = 4FFA935B1F2B4AD900B77843 /* Build configuration list for PBXNativeTarget "BRA" */;
			buildPhases = (
				37372CD83C12ECC855DF8E0A /* [CP] Check Pods Manifest.lock */,
				4FFA93451F2B4AD900B77843 /* Sources */,
				4FFA93461F2B4AD900B77843 /* Frameworks */,
				4FFA93471F2B4AD900B77843 /* Resources */,
				B77057ED63FFF5CDA534402D /* [CP] Embed Pods Frameworks */,
				7795AB2EC522545C9137367F /* [CP] Copy Pods Resources */,
			);
			buildRules = (
			);
			dependencies = (
			);
			name = BRA;
			productName = BRA;
			productReference = 4FFA93491F2B4AD900B77843 /* BRA.app */;
			productType = "com.apple.product-type.application";
		};
/* End PBXNativeTarget section */

/* Begin PBXProject section */
		4FFA93411F2B4AD900B77843 /* Project object */ = {
			isa = PBXProject;
			attributes = {
				LastSwiftUpdateCheck = 0830;
				LastUpgradeCheck = 0830;
				ORGANIZATIONNAME = Seedrop;
				TargetAttributes = {
					4FFA93481F2B4AD900B77843 = {
						CreatedOnToolsVersion = 8.3.3;
						DevelopmentTeam = 94F5F34EVW;
						ProvisioningStyle = Automatic;
					};
				};
			};
			buildConfigurationList = 4FFA93441F2B4AD900B77843 /* Build configuration list for PBXProject "BRA" */;
			compatibilityVersion = "Xcode 3.2";
			developmentRegion = English;
			hasScannedForEncodings = 0;
			knownRegions = (
				en,
			);
			mainGroup = 4FFA93401F2B4AD900B77843;
			productRefGroup = 4FFA934A1F2B4AD900B77843 /* Products */;
			projectDirPath = "";
			projectRoot = "";
			targets = (
				4FFA93481F2B4AD900B77843 /* BRA */,
			);
		};
/* End PBXProject section */

/* Begin PBXResourcesBuildPhase section */
		4FFA93471F2B4AD900B77843 /* Resources */ = {
			isa = PBXResourcesBuildPhase;
			buildActionMask = 2147483647;
			files = (
				4F7080F21F2CFD8B00BE8C6A /* LaunchScreen.storyboard in Resources */,
				4F8E53231F2E375500C4D830 /* RetryWidget.xib in Resources */,
				4F7080EB1F2CFCF100BE8C6A /* Localizable.strings in Resources */,
				4F4FB59E1F2E4BE400A11F3C /* NoConnectivityWidget.xib in Resources */,
				4FFA93541F2B4AD900B77843 /* Assets.xcassets in Resources */,
				4F7080F31F2CFD8B00BE8C6A /* Main.storyboard in Resources */,
			);
			runOnlyForDeploymentPostprocessing = 0;
		};
/* End PBXResourcesBuildPhase section */

/* Begin PBXShellScriptBuildPhase section */
		37372CD83C12ECC855DF8E0A /* [CP] Check Pods Manifest.lock */ = {
			isa = PBXShellScriptBuildPhase;
			buildActionMask = 2147483647;
			files = (
			);
			inputPaths = (
			);
			name = "[CP] Check Pods Manifest.lock";
			outputPaths = (
			);
			runOnlyForDeploymentPostprocessing = 0;
			shellPath = /bin/sh;
			shellScript = "diff \"${PODS_ROOT}/../Podfile.lock\" \"${PODS_ROOT}/Manifest.lock\" > /dev/null\nif [ $? != 0 ] ; then\n    # print error to STDERR\n    echo \"error: The sandbox is not in sync with the Podfile.lock. Run 'pod install' or update your CocoaPods installation.\" >&2\n    exit 1\nfi\n";
			showEnvVarsInLog = 0;
		};
		7795AB2EC522545C9137367F /* [CP] Copy Pods Resources */ = {
			isa = PBXShellScriptBuildPhase;
			buildActionMask = 2147483647;
			files = (
			);
			inputPaths = (
			);
			name = "[CP] Copy Pods Resources";
			outputPaths = (
			);
			runOnlyForDeploymentPostprocessing = 0;
			shellPath = /bin/sh;
			shellScript = "\"${SRCROOT}/Pods/Target Support Files/Pods-BRA/Pods-BRA-resources.sh\"\n";
			showEnvVarsInLog = 0;
		};
		B77057ED63FFF5CDA534402D /* [CP] Embed Pods Frameworks */ = {
			isa = PBXShellScriptBuildPhase;
			buildActionMask = 2147483647;
			files = (
			);
			inputPaths = (
			);
			name = "[CP] Embed Pods Frameworks";
			outputPaths = (
			);
			runOnlyForDeploymentPostprocessing = 0;
			shellPath = /bin/sh;
			shellScript = "\"${SRCROOT}/Pods/Target Support Files/Pods-BRA/Pods-BRA-frameworks.sh\"\n";
			showEnvVarsInLog = 0;
		};
/* End PBXShellScriptBuildPhase section */

/* Begin PBXSourcesBuildPhase section */
		4FFA93451F2B4AD900B77843 /* Sources */ = {
			isa = PBXSourcesBuildPhase;
			buildActionMask = 2147483647;
			files = (
				4FAD35C91F2C9BCE003761FB /* APIRequestModel.swift in Sources */,
				4F14DF6E1F2CF17100B2997A /* OperationShare.swift in Sources */,
				4F8323471F2DBB0F00095BB6 /* ShareViewController.swift in Sources */,
				4F7080F61F2CFE0500BE8C6A /* GlobalFunctions.swift in Sources */,
				4F14DF6C1F2CE1A100B2997A /* OperationGetQuestion.swift in Sources */,
				4F83233A1F2D10BB00095BB6 /* ActivityCell.swift in Sources */,
				4F83233C1F2D1FCB00095BB6 /* QuestionDetailsViewController.swift in Sources */,
				4FD287961F2CA98F00E62B0E /* QuestionModel.swift in Sources */,
				4F7080F81F2D024000BE8C6A /* QuestionListViewController.swift in Sources */,
				4F14DF701F2CF40900B2997A /* StatusModel.swift in Sources */,
				4F83234B1F2DBD0400095BB6 /* TextCell.swift in Sources */,
				4F14DF761F2CFA9000B2997A /* LoadingScreenViewController.swift in Sources */,
				4F8323451F2DAF0600095BB6 /* ChoiceCell.swift in Sources */,
				4FAD35D11F2C9C31003761FB /* APIOperation.swift in Sources */,
				4F8E53251F2E376500C4D830 /* RetryWidget.swift in Sources */,
				4F8E531D1F2E365600C4D830 /* DynamicModal.swift in Sources */,
				4FAD35CF1F2C9C0B003761FB /* Global.swift in Sources */,
				4F4FB59D1F2E4BE400A11F3C /* NoConnectivityWidget.swift in Sources */,
				4F14DF731F2CF5F100B2997A /* OperationGetHealthStatus.swift in Sources */,
				4F83234D1F2DF51400095BB6 /* OperationUpdateQuestion.swift in Sources */,
				4F8323431F2DAD8100095BB6 /* DateCell.swift in Sources */,
				4F8323411F2DAA3600095BB6 /* UIImageViewExtension.swift in Sources */,
				4F83233E1F2DA90200095BB6 /* ImageCell.swift in Sources */,
				4FD287921F2CA2E600E62B0E /* OperationListQuestions.swift in Sources */,
				4FFA934D1F2B4AD900B77843 /* AppDelegate.swift in Sources */,
			);
			runOnlyForDeploymentPostprocessing = 0;
		};
/* End PBXSourcesBuildPhase section */

/* Begin PBXVariantGroup section */
		4F7080ED1F2CFCF100BE8C6A /* Localizable.strings */ = {
			isa = PBXVariantGroup;
			children = (
				4F7080EF1F2CFCFF00BE8C6A /* en */,
			);
			name = Localizable.strings;
			sourceTree = "<group>";
		};
/* End PBXVariantGroup section */

/* Begin XCBuildConfiguration section */
		4FFA93591F2B4AD900B77843 /* Debug */ = {
			isa = XCBuildConfiguration;
			buildSettings = {
				ALWAYS_SEARCH_USER_PATHS = NO;
				CLANG_ANALYZER_NONNULL = YES;
				CLANG_ANALYZER_NUMBER_OBJECT_CONVERSION = YES_AGGRESSIVE;
				CLANG_CXX_LANGUAGE_STANDARD = "gnu++0x";
				CLANG_CXX_LIBRARY = "libc++";
				CLANG_ENABLE_MODULES = YES;
				CLANG_ENABLE_OBJC_ARC = YES;
				CLANG_WARN_BOOL_CONVERSION = YES;
				CLANG_WARN_CONSTANT_CONVERSION = YES;
				CLANG_WARN_DIRECT_OBJC_ISA_USAGE = YES_ERROR;
				CLANG_WARN_DOCUMENTATION_COMMENTS = YES;
				CLANG_WARN_EMPTY_BODY = YES;
				CLANG_WARN_ENUM_CONVERSION = YES;
				CLANG_WARN_INFINITE_RECURSION = YES;
				CLANG_WARN_INT_CONVERSION = YES;
				CLANG_WARN_OBJC_ROOT_CLASS = YES_ERROR;
				CLANG_WARN_SUSPICIOUS_MOVE = YES;
				CLANG_WARN_UNREACHABLE_CODE = YES;
				CLANG_WARN__DUPLICATE_METHOD_MATCH = YES;
				"CODE_SIGN_IDENTITY[sdk=iphoneos*]" = "iPhone Developer";
				COPY_PHASE_STRIP = NO;
				DEBUG_INFORMATION_FORMAT = dwarf;
				ENABLE_STRICT_OBJC_MSGSEND = YES;
				ENABLE_TESTABILITY = YES;
				GCC_C_LANGUAGE_STANDARD = gnu99;
				GCC_DYNAMIC_NO_PIC = NO;
				GCC_NO_COMMON_BLOCKS = YES;
				GCC_OPTIMIZATION_LEVEL = 0;
				GCC_PREPROCESSOR_DEFINITIONS = (
					"DEBUG=1",
					"$(inherited)",
				);
				GCC_WARN_64_TO_32_BIT_CONVERSION = YES;
				GCC_WARN_ABOUT_RETURN_TYPE = YES_ERROR;
				GCC_WARN_UNDECLARED_SELECTOR = YES;
				GCC_WARN_UNINITIALIZED_AUTOS = YES_AGGRESSIVE;
				GCC_WARN_UNUSED_FUNCTION = YES;
				GCC_WARN_UNUSED_VARIABLE = YES;
				IPHONEOS_DEPLOYMENT_TARGET = 9.0;
				MTL_ENABLE_DEBUG_INFO = YES;
				ONLY_ACTIVE_ARCH = YES;
				SDKROOT = iphoneos;
				SWIFT_ACTIVE_COMPILATION_CONDITIONS = DEBUG;
				SWIFT_OPTIMIZATION_LEVEL = "-Onone";
			};
			name = Debug;
		};
		4FFA935A1F2B4AD900B77843 /* Release */ = {
			isa = XCBuildConfiguration;
			buildSettings = {
				ALWAYS_SEARCH_USER_PATHS = NO;
				CLANG_ANALYZER_NONNULL = YES;
				CLANG_ANALYZER_NUMBER_OBJECT_CONVERSION = YES_AGGRESSIVE;
				CLANG_CXX_LANGUAGE_STANDARD = "gnu++0x";
				CLANG_CXX_LIBRARY = "libc++";
				CLANG_ENABLE_MODULES = YES;
				CLANG_ENABLE_OBJC_ARC = YES;
				CLANG_WARN_BOOL_CONVERSION = YES;
				CLANG_WARN_CONSTANT_CONVERSION = YES;
				CLANG_WARN_DIRECT_OBJC_ISA_USAGE = YES_ERROR;
				CLANG_WARN_DOCUMENTATION_COMMENTS = YES;
				CLANG_WARN_EMPTY_BODY = YES;
				CLANG_WARN_ENUM_CONVERSION = YES;
				CLANG_WARN_INFINITE_RECURSION = YES;
				CLANG_WARN_INT_CONVERSION = YES;
				CLANG_WARN_OBJC_ROOT_CLASS = YES_ERROR;
				CLANG_WARN_SUSPICIOUS_MOVE = YES;
				CLANG_WARN_UNREACHABLE_CODE = YES;
				CLANG_WARN__DUPLICATE_METHOD_MATCH = YES;
				"CODE_SIGN_IDENTITY[sdk=iphoneos*]" = "iPhone Developer";
				COPY_PHASE_STRIP = NO;
				DEBUG_INFORMATION_FORMAT = "dwarf-with-dsym";
				ENABLE_NS_ASSERTIONS = NO;
				ENABLE_STRICT_OBJC_MSGSEND = YES;
				GCC_C_LANGUAGE_STANDARD = gnu99;
				GCC_NO_COMMON_BLOCKS = YES;
				GCC_WARN_64_TO_32_BIT_CONVERSION = YES;
				GCC_WARN_ABOUT_RETURN_TYPE = YES_ERROR;
				GCC_WARN_UNDECLARED_SELECTOR = YES;
				GCC_WARN_UNINITIALIZED_AUTOS = YES_AGGRESSIVE;
				GCC_WARN_UNUSED_FUNCTION = YES;
				GCC_WARN_UNUSED_VARIABLE = YES;
				IPHONEOS_DEPLOYMENT_TARGET = 9.0;
				MTL_ENABLE_DEBUG_INFO = NO;
				SDKROOT = iphoneos;
				SWIFT_OPTIMIZATION_LEVEL = "-Owholemodule";
				VALIDATE_PRODUCT = YES;
			};
			name = Release;
		};
		4FFA935C1F2B4AD900B77843 /* Debug */ = {
			isa = XCBuildConfiguration;
			baseConfigurationReference = 2F85E9270544671566CF9192 /* Pods-BRA.debug.xcconfig */;
			buildSettings = {
				ALWAYS_EMBED_SWIFT_STANDARD_LIBRARIES = YES;
				ASSETCATALOG_COMPILER_APPICON_NAME = AppIcon;
				DEVELOPMENT_TEAM = 94F5F34EVW;
				INFOPLIST_FILE = BRA/Info.plist;
				LD_RUNPATH_SEARCH_PATHS = "$(inherited) @executable_path/Frameworks";
				PRODUCT_BUNDLE_IDENTIFIER = com.seedrop.BRA;
				PRODUCT_NAME = "$(TARGET_NAME)";
				SWIFT_VERSION = 3.0;
			};
			name = Debug;
		};
		4FFA935D1F2B4AD900B77843 /* Release */ = {
			isa = XCBuildConfiguration;
			baseConfigurationReference = FF9AE90FE694E93C801F6EED /* Pods-BRA.release.xcconfig */;
			buildSettings = {
				ALWAYS_EMBED_SWIFT_STANDARD_LIBRARIES = YES;
				ASSETCATALOG_COMPILER_APPICON_NAME = AppIcon;
				DEVELOPMENT_TEAM = 94F5F34EVW;
				INFOPLIST_FILE = BRA/Info.plist;
				LD_RUNPATH_SEARCH_PATHS = "$(inherited) @executable_path/Frameworks";
				PRODUCT_BUNDLE_IDENTIFIER = com.seedrop.BRA;
				PRODUCT_NAME = "$(TARGET_NAME)";
				SWIFT_VERSION = 3.0;
			};
			name = Release;
		};
/* End XCBuildConfiguration section */

/* Begin XCConfigurationList section */
		4FFA93441F2B4AD900B77843 /* Build configuration list for PBXProject "BRA" */ = {
			isa = XCConfigurationList;
			buildConfigurations = (
				4FFA93591F2B4AD900B77843 /* Debug */,
				4FFA935A1F2B4AD900B77843 /* Release */,
			);
			defaultConfigurationIsVisible = 0;
			defaultConfigurationName = Release;
		};
		4FFA935B1F2B4AD900B77843 /* Build configuration list for PBXNativeTarget "BRA" */ = {
			isa = XCConfigurationList;
			buildConfigurations = (
				4FFA935C1F2B4AD900B77843 /* Debug */,
				4FFA935D1F2B4AD900B77843 /* Release */,
			);
			defaultConfigurationIsVisible = 0;
			defaultConfigurationName = Release;
		};
/* End XCConfigurationList section */
	};
	rootObject = 4FFA93411F2B4AD900B77843 /* Project object */;
}
